{
    "_readme": [
        "This file locks the dependencies of your project to a known state",
        "Read more about it at http://getcomposer.org/doc/01-basic-usage.md#composer-lock-the-lock-file"
    ],
    "hash": "eb8c2f20e526a64736ddf5f176b0959f",
    "packages": [
        {
            "name": "dbpatch/dbpatch",
            "version": "v1.1.1",
            "source": {
                "type": "git",
                "url": "https://github.com/dbpatch/DbPatch",
                "reference": "v1.1.1"
            },
            "dist": {
                "type": "zip",
                "url": "https://github.com/dbpatch/DbPatch/zipball/v1.1.1",
                "reference": "v1.1.1",
                "shasum": ""
            },
            "require": {
                "php": ">=5.1.0"
            },
            "bin": [
                "bin/dbpatch.php"
            ],
            "type": "library",
            "notification-url": "https://packagist.org/downloads/",
            "license": [
                "BSD"
            ],
            "authors": [
                {
                    "name": "Sandy Pleyte"
                },
                {
                    "name": "Martijn de Letter"
                }
            ],
            "description": "DbPatch is a commandline utility to manage/track (my)sql/php patch files.",
            "homepage": "http://www.dbpatch-project.com/",
            "keywords": [
                "database",
                "db",
                "migrations"
            ],
            "time": "2012-06-13 10:30:48"
        },
        {
            "name": "janus-ssp/janus",
            "version": "dev-develop",
            "source": {
                "type": "git",
                "url": "https://github.com/janus-ssp/janus.git",
                "reference": "c7c6913b887ee7e64268e26b3d102e66ec1eb886"
            },
            "dist": {
                "type": "zip",
                "url": "https://api.github.com/repos/janus-ssp/janus/zipball/c7c6913b887ee7e64268e26b3d102e66ec1eb886",
                "reference": "c7c6913b887ee7e64268e26b3d102e66ec1eb886",
                "shasum": ""
            },
            "require": {
                "jquery/jquery": "1.9.1",
                "jquery/jquery-ui": "1.10.1",
                "jquery/jquery-ui-themes": "1.10.1"
            },
            "type": "library",
            "notification-url": "https://packagist.org/downloads/",
            "description": "SimpleSaml php Janus module",
            "time": "2013-07-04 11:53:45"
        },
        {
            "name": "jquery/jquery",
            "version": "1.9.1",
            "dist": {
                "type": "file",
                "url": "http://code.jquery.com/jquery-1.9.1.min.js",
                "reference": null,
                "shasum": null
            },
            "type": "library"
        },
        {
            "name": "jquery/jquery-ui",
            "version": "1.10.1",
            "dist": {
                "type": "file",
                "url": "http://code.jquery.com/ui/1.10.1/jquery-ui.min.js",
                "reference": null,
                "shasum": null
            },
            "type": "library"
        },
        {
            "name": "jquery/jquery-ui-themes",
            "version": "1.10.1",
            "dist": {
                "type": "zip",
                "url": "http://jqueryui.com/resources/download/jquery-ui-themes-1.10.1.zip",
                "reference": null,
                "shasum": null
            },
            "type": "library"
        },
        {
            "name": "simplesamlphp/simplesamlphp",
            "version": "1.9.0",
            "dist": {
                "type": "tar",
                "url": "https://simplesamlphp.googlecode.com/files/simplesamlphp-1.9.0.tar.gz",
                "reference": null,
                "shasum": null
            },
            "type": "library"
        }
    ],
    "packages-dev": [

    ],
    "aliases": [

    ],
    "minimum-stability": "stable",
    "stability-flags": {
        "janus-ssp/janus": 20
    },
    "platform": [

    ],
    "platform-dev": [

    ]
}
